
Microsoft Visual Studio Solution File, Format Version 12.00
# Visual Studio 15
Project("{FAE04EC0-301F-11D3-BF4B-00C04F79EFBC}") = "Assembly-CSharp", "Assembly-CSharp.csproj", "{636A1069-D192-1709-DB14-732DD7FDC205}"
EndProject
Project("{FAE04EC0-301F-11D3-BF4B-00C04F79EFBC}") = "Fusion.Unity.Editor", "Fusion.Unity.Editor.csproj", "{213B1B29-ADC2-AFAD-92EA-C92A2EAC9B8A}"
EndProject
Project("{FAE04EC0-301F-11D3-BF4B-00C04F79EFBC}") = "Fusion.Unity", "Fusion.Unity.csproj", "{88B001B7-BB77-C301-127A-34B3DF276E21}"
EndProject
Project("{FAE04EC0-301F-11D3-BF4B-00C04F79EFBC}") = "Unity.Fusion.CodeGen", "Unity.Fusion.CodeGen.csproj", "{256567A4-2A4A-352A-1553-E9FD12E6DF17}"
EndProject
Global
	GlobalSection(SolutionConfigurationPlatforms) = preSolution
		Debug|Any CPU = Debug|Any CPU
		Release|Any CPU = Release|Any CPU
	EndGlobalSection
	GlobalSection(ProjectConfigurationPlatforms) = postSolution
		{636A1069-D192-1709-DB14-732DD7FDC205}.Debug|Any CPU.ActiveCfg = Debug|Any CPU
		{636A1069-D192-1709-DB14-732DD7FDC205}.Debug|Any CPU.Build.0 = Debug|Any CPU
		{636A1069-D192-1709-DB14-732DD7FDC205}.Release|Any CPU.ActiveCfg = Release|Any CPU
		{636A1069-D192-1709-DB14-732DD7FDC205}.Release|Any CPU.Build.0 = Release|Any CPU
		{213B1B29-ADC2-AFAD-92EA-C92A2EAC9B8A}.Debug|Any CPU.ActiveCfg = Debug|Any CPU
		{213B1B29-ADC2-AFAD-92EA-C92A2EAC9B8A}.Debug|Any CPU.Build.0 = Debug|Any CPU
		{213B1B29-ADC2-AFAD-92EA-C92A2EAC9B8A}.Release|Any CPU.ActiveCfg = Release|Any CPU
		{213B1B29-ADC2-AFAD-92EA-C92A2EAC9B8A}.Release|Any CPU.Build.0 = Release|Any CPU
		{88B001B7-BB77-C301-127A-34B3DF276E21}.Debug|Any CPU.ActiveCfg = Debug|Any CPU
		{88B001B7-BB77-C301-127A-34B3DF276E21}.Debug|Any CPU.Build.0 = Debug|Any CPU
		{88B001B7-BB77-C301-127A-34B3DF276E21}.Release|Any CPU.ActiveCfg = Release|Any CPU
		{88B001B7-BB77-C301-127A-34B3DF276E21}.Release|Any CPU.Build.0 = Release|Any CPU
		{256567A4-2A4A-352A-1553-E9FD12E6DF17}.Debug|Any CPU.ActiveCfg = Debug|Any CPU
		{256567A4-2A4A-352A-1553-E9FD12E6DF17}.Debug|Any CPU.Build.0 = Debug|Any CPU
		{256567A4-2A4A-352A-1553-E9FD12E6DF17}.Release|Any CPU.ActiveCfg = Release|Any CPU
		{256567A4-2A4A-352A-1553-E9FD12E6DF17}.Release|Any CPU.Build.0 = Release|Any CPU
	EndGlobalSection
	GlobalSection(SolutionProperties) = preSolution
		HideSolutionNode = FALSE
	EndGlobalSection
EndGlobal
